// !$*UTF8*$!
{
	archiveVersion = 1;
	classes = {
	};
	objectVersion = 46;
	objects = {

/* Begin PBXBuildFile section */
		463E3D671767FB9000A4466B /* main.cpp in Sources */ = {isa = PBXBuildFile; fileRef = 463E3D661767FB9000A4466B /* main.cpp */; };
/* End PBXBuildFile section */

/* Begin PBXCopyFilesBuildPhase section */
		463E3D611767FB9000A4466B /* CopyFiles */ = {
			isa = PBXCopyFilesBuildPhase;
			buildActionMask = 2147483647;
			dstPath = /usr/share/man/man1/;
			dstSubfolderSpec = 0;
			files = (
			);
			runOnlyForDeploymentPostprocessing = 1;
		};
/* End PBXCopyFilesBuildPhase section */

/* Begin PBXFileReference section */
		463E3D631767FB9000A4466B /* textengine */ = {isa = PBXFileReference; explicitFileType = "compiled.mach-o.executable"; includeInIndex = 0; path = textengine; sourceTree = BUILT_PRODUCTS_DIR; };
		463E3D661767FB9000A4466B /* main.cpp */ = {isa = PBXFileReference; lastKnownFileType = sourcecode.cpp.cpp; path = main.cpp; sourceTree = "<group>"; };
/* End PBXFileReference section */

/* Begin PBXFrameworksBuildPhase section */
		463E3D601767FB9000A4466B /* Frameworks */ = {
			isa = PBXFrameworksBuildPhase;
			buildActionMask = 2147483647;
			files = (
			);
			runOnlyForDeploymentPostprocessing = 0;
		};
/* End PBXFrameworksBuildPhase section */

/* Begin PBXGroup section */
		463E3D5A1767FB9000A4466B = {
			isa = PBXGroup;
			children = (
				463E3D651767FB9000A4466B /* textengine */,
				463E3D641767FB9000A4466B /* Products */,
			);
			sourceTree = "<group>";
		};
		463E3D641767FB9000A4466B /* Products */ = {
			isa = PBXGroup;
			children = (
				463E3D631767FB9000A4466B /* textengine */,
			);
			name = Products;
			sourceTree = "<group>";
		};
		463E3D651767FB9000A4466B /* textengine */ = {
			isa = PBXGroup;
			children = (
				463E3D661767FB9000A4466B /* main.cpp */,
			);
			path = textengine;
			sourceTree = "<group>";
		};
/* End PBXGroup section */

/* Begin PBXNativeTarget section */
		463E3D621767FB9000A4466B /* textengine */ = {
			isa = PBXNativeTarget;
			buildConfigurationList = 463E3D6C1767FB9000A4466B /* Build configuration list for PBXNativeTarget "textengine" */;
			buildPhases = (
				463E3D5F1767FB9000A4466B /* Sources */,
				463E3D601767FB9000A4466B /* Frameworks */,
				463E3D611767FB9000A4466B /* CopyFiles */,
			);
			buildRules = (
			);
			dependencies = (
			);
			name = textengine;
			productName = textengine;
			productReference = 463E3D631767FB9000A4466B /* textengine */;
			productType = "com.apple.product-type.tool";
		};
/* End PBXNativeTarget section */

/* Begin PBXProject section */
		463E3D5B1767FB9000A4466B /* Project object */ = {
			isa = PBXProject;
			attributes = {
				LastUpgradeCheck = 0460;
				ORGANIZATIONNAME = "Robert Scott Dionne";
			};
			buildConfigurationList = 463E3D5E1767FB9000A4466B /* Build configuration list for PBXProject "textengine" */;
			compatibilityVersion = "Xcode 3.2";
			developmentRegion = English;
			hasScannedForEncodings = 0;
			knownRegions = (
				en,
			);
			mainGroup = 463E3D5A1767FB9000A4466B;
			productRefGroup = 463E3D641767FB9000A4466B /* Products */;
			projectDirPath = "";
			projectRoot = "";
			targets = (
				463E3D621767FB9000A4466B /* textengine */,
			);
		};
/* End PBXProject section */

/* Begin PBXSourcesBuildPhase section */
		463E3D5F1767FB9000A4466B /* Sources */ = {
			isa = PBXSourcesBuildPhase;
			buildActionMask = 2147483647;
			files = (
				463E3D671767FB9000A4466B /* main.cpp in Sources */,
			);
			runOnlyForDeploymentPostprocessing = 0;
		};
/* End PBXSourcesBuildPhase section */

/* Begin XCBuildConfiguration section */
		463E3D6A1767FB9000A4466B /* Debug */ = {
			isa = XCBuildConfiguration;
			buildSettings = {
				ALWAYS_SEARCH_USER_PATHS = NO;
				ARCHS = "$(ARCHS_STANDARD_64_BIT)";
				CLANG_CXX_LANGUAGE_STANDARD = "gnu++0x";
				CLANG_CXX_LIBRARY = "libc++";
				CLANG_WARN_CONSTANT_CONVERSION = YES;
				CLANG_WARN_EMPTY_BODY = YES;
				CLANG_WARN_ENUM_CONVERSION = YES;
				CLANG_WARN_INT_CONVERSION = YES;
				CLANG_WARN__DUPLICATE_METHOD_MATCH = YES;
				COPY_PHASE_STRIP = NO;
				GCC_C_LANGUAGE_STANDARD = gnu99;
				GCC_DYNAMIC_NO_PIC = NO;
				GCC_ENABLE_OBJC_EXCEPTIONS = YES;
				GCC_OPTIMIZATION_LEVEL = 0;
				GCC_PREPROCESSOR_DEFINITIONS = (
					"DEBUG=1",
					"$(inherited)",
				);
				GCC_SYMBOLS_PRIVATE_EXTERN = NO;
				GCC_WARN_64_TO_32_BIT_CONVERSION = YES;
				GCC_WARN_ABOUT_RETURN_TYPE = YES;
				GCC_WARN_UNINITIALIZED_AUTOS = YES;
				GCC_WARN_UNUSED_VARIABLE = YES;
				MACOSX_DEPLOYMENT_TARGET = 10.8;
				ONLY_ACTIVE_ARCH = YES;
				SDKROOT = macosx;
			};
			name = Debug;
		};
		463E3D6B1767FB9000A4466B /* Release */ = {
			isa = XCBuildConfiguration;
			buildSettings = {
				ALWAYS_SEARCH_USER_PATHS = NO;
				ARCHS = "$(ARCHS_STANDARD_64_BIT)";
				CLANG_CXX_LANGUAGE_STANDARD = "gnu++0x";
				CLANG_CXX_LIBRARY = "libc++";
				CLANG_WARN_CONSTANT_CONVERSION = YES;
				CLANG_WARN_EMPTY_BODY = YES;
				CLANG_WARN_ENUM_CONVERSION = YES;
				CLANG_WARN_INT_CONVERSION = YES;
				CLANG_WARN__DUPLICATE_METHOD_MATCH = YES;
				COPY_PHASE_STRIP = YES;
				DEBUG_INFORMATION_FORMAT = "dwarf-with-dsym";
				GCC_C_LANGUAGE_STANDARD = gnu99;
				GCC_ENABLE_OBJC_EXCEPTIONS = YES;
				GCC_WARN_64_TO_32_BIT_CONVERSION = YES;
				GCC_WARN_ABOUT_RETURN_TYPE = YES;
				GCC_WARN_UNINITIALIZED_AUTOS = YES;
				GCC_WARN_UNUSED_VARIABLE = YES;
				MACOSX_DEPLOYMENT_TARGET = 10.8;
				SDKROOT = macosx;
			};
			name = Release;
		};
		463E3D6D1767FB9000A4466B /* Debug */ = {
			isa = XCBuildConfiguration;
			buildSettings = {
				PRODUCT_NAME = "$(TARGET_NAME)";
			};
			name = Debug;
		};
		463E3D6E1767FB9000A4466B /* Release */ = {
			isa = XCBuildConfiguration;
			buildSettings = {
				PRODUCT_NAME = "$(TARGET_NAME)";
			};
			name = Release;
		};
/* End XCBuildConfiguration section */

/* Begin XCConfigurationList section */
		463E3D5E1767FB9000A4466B /* Build configuration list for PBXProject "textengine" */ = {
			isa = XCConfigurationList;
			buildConfigurations = (
				463E3D6A1767FB9000A4466B /* Debug */,
				463E3D6B1767FB9000A4466B /* Release */,
			);
			defaultConfigurationIsVisible = 0;
			defaultConfigurationName = Release;
		};
		463E3D6C1767FB9000A4466B /* Build configuration list for PBXNativeTarget "textengine" */ = {
			isa = XCConfigurationList;
			buildConfigurations = (
				463E3D6D1767FB9000A4466B /* Debug */,
				463E3D6E1767FB9000A4466B /* Release */,
			);
			defaultConfigurationIsVisible = 0;
		};
/* End XCConfigurationList section */
	};
	rootObject = 463E3D5B1767FB9000A4466B /* Project object */;
}
